
Microsoft Visual Studio Solution File, Format Version 12.00
# Visual Studio Version 16
VisualStudioVersion = 16.0.30907.101
MinimumVisualStudioVersion = 10.0.40219.1
Project("{9A19103F-16F7-4668-BE54-9A1E7A4F7556}") = "SEP3-FrontEnd", "SEP3-FrontEnd\SEP3-FrontEnd.csproj", "{064D0BCE-928E-4A18-AE88-9D841A8870EC}"
EndProject
Global
	GlobalSection(SolutionConfigurationPlatforms) = preSolution
		Debug|Any CPU = Debug|Any CPU
		Release|Any CPU = Release|Any CPU
	EndGlobalSection
	GlobalSection(ProjectConfigurationPlatforms) = postSolution
		{064D0BCE-928E-4A18-AE88-9D841A8870EC}.Debug|Any CPU.ActiveCfg = Debug|Any CPU
		{064D0BCE-928E-4A18-AE88-9D841A8870EC}.Debug|Any CPU.Build.0 = Debug|Any CPU
		{064D0BCE-928E-4A18-AE88-9D841A8870EC}.Release|Any CPU.ActiveCfg = Release|Any CPU
		{064D0BCE-928E-4A18-AE88-9D841A8870EC}.Release|Any CPU.Build.0 = Release|Any CPU
	EndGlobalSection
	GlobalSection(SolutionProperties) = preSolution
		HideSolutionNode = FALSE
	EndGlobalSection
	GlobalSection(ExtensibilityGlobals) = postSolution
		SolutionGuid = {226E1A40-B3AB-4DD8-9D54-5CC7235003EF}
	EndGlobalSection
EndGlobal
